
Microsoft Visual Studio Solution File, Format Version 12.00
# Visual Studio 2013
VisualStudioVersion = 12.0.30501.0
MinimumVisualStudioVersion = 10.0.40219.1
Project("{8BC9CEB8-8B4A-11D0-8D11-00A0C91BC942}") = "dma_test0", "dma_test0\dma_test0.vcxproj", "{F0393AF4-87F5-4AEA-8B34-09421196B3AD}"
EndProject
Global
	GlobalSection(SolutionConfigurationPlatforms) = preSolution
		Debug|Win32 = Debug|Win32
		Release|Win32 = Release|Win32
	EndGlobalSection
	GlobalSection(ProjectConfigurationPlatforms) = postSolution
		{F0393AF4-87F5-4AEA-8B34-09421196B3AD}.Debug|Win32.ActiveCfg = Debug|Win32
		{F0393AF4-87F5-4AEA-8B34-09421196B3AD}.Debug|Win32.Build.0 = Debug|Win32
		{F0393AF4-87F5-4AEA-8B34-09421196B3AD}.Release|Win32.ActiveCfg = Release|Win32
		{F0393AF4-87F5-4AEA-8B34-09421196B3AD}.Release|Win32.Build.0 = Release|Win32
	EndGlobalSection
	GlobalSection(SolutionProperties) = preSolution
		HideSolutionNode = FALSE
	EndGlobalSection
EndGlobal
